{
  "name": "oozou-assignment",
  "version": "1.0.0",
  "lockfileVersion": 1,
  "requires": true,
  "dependencies": {
    "@glidejs/glide": {
      "version": "3.4.0",
      "resolved": "https://registry.npmjs.org/@glidejs/glide/-/glide-3.4.0.tgz",
      "integrity": "sha512-yI9VXoi2xmm7Eivo93xqFSE+EiwFhrFMNgWVthJzgpKc+NLiErVdL3SGNUxE7HB4+FgiQXskdDzFpvxzpUbxBw=="
    }
  }
}
